
Microsoft Visual Studio Solution File, Format Version 12.00
# Visual Studio 15
Project("{FAE04EC0-301F-11D3-BF4B-00C04F79EFBC}") = "calculator2", "calculator2.csproj", "{1B10C32D-8A3B-4BF4-9289-C8651D130FC9}"
EndProject
Global
	GlobalSection(SolutionConfigurationPlatforms) = preSolution
		Debug|anycpu = Debug|anycpu
		Release|anycpu = Release|anycpu
	EndGlobalSection
	GlobalSection(ProjectConfigurationPlatforms) = postSolution
		{1B10C32D-8A3B-4BF4-9289-C8651D130FC9}.Debug|anycpu.ActiveCfg = Debug|anycpu
		{1B10C32D-8A3B-4BF4-9289-C8651D130FC9}.Debug|anycpu.Build.0 = Debug|anycpu
		{1B10C32D-8A3B-4BF4-9289-C8651D130FC9}.Release|anycpu.ActiveCfg = Release|anycpu
		{1B10C32D-8A3B-4BF4-9289-C8651D130FC9}.Release|anycpu.Build.0 = Release|anycpu
	EndGlobalSection
EndGlobal
